
Microsoft Visual Studio Solution File, Format Version 11.00
# Visual Web Developer Express 2010
Project("{E24C65DC-7377-472B-9ABA-BC803B73C61A}") = "OnlineGaming", "..\..\WebSites\OnlineGaming\", "{47C8A126-7B9A-4F5D-9C1B-9C93E27628C0}"
	ProjectSection(WebsiteProperties) = preProject
		TargetFrameworkMoniker = ".NETFramework,Version%3Dv4.0"
		Debug.AspNetCompiler.VirtualPath = "/OnlineGaming"
		Debug.AspNetCompiler.PhysicalPath = "..\..\WebSites\OnlineGaming\"
		Debug.AspNetCompiler.TargetPath = "PrecompiledWeb\OnlineGaming\"
		Debug.AspNetCompiler.Updateable = "true"
		Debug.AspNetCompiler.ForceOverwrite = "true"
		Debug.AspNetCompiler.FixedNames = "false"
		Debug.AspNetCompiler.Debug = "True"
		Release.AspNetCompiler.VirtualPath = "/OnlineGaming"
		Release.AspNetCompiler.PhysicalPath = "..\..\WebSites\OnlineGaming\"
		Release.AspNetCompiler.TargetPath = "PrecompiledWeb\OnlineGaming\"
		Release.AspNetCompiler.Updateable = "true"
		Release.AspNetCompiler.ForceOverwrite = "true"
		Release.AspNetCompiler.FixedNames = "false"
		Release.AspNetCompiler.Debug = "False"
		VWDPort = "53315"
		DefaultWebSiteLanguage = "Visual C#"
	EndProjectSection
EndProject
Global
	GlobalSection(SolutionConfigurationPlatforms) = preSolution
		Debug|Any CPU = Debug|Any CPU
	EndGlobalSection
	GlobalSection(ProjectConfigurationPlatforms) = postSolution
		{47C8A126-7B9A-4F5D-9C1B-9C93E27628C0}.Debug|Any CPU.ActiveCfg = Debug|Any CPU
		{47C8A126-7B9A-4F5D-9C1B-9C93E27628C0}.Debug|Any CPU.Build.0 = Debug|Any CPU
	EndGlobalSection
	GlobalSection(SolutionProperties) = preSolution
		HideSolutionNode = FALSE
	EndGlobalSection
EndGlobal
